
Microsoft Visual Studio Solution File, Format Version 12.00
# Visual Studio 15
VisualStudioVersion = 15.0.28307.757
MinimumVisualStudioVersion = 10.0.40219.1
Project("{FAE04EC0-301F-11D3-BF4B-00C04F79EFBC}") = "GitWeb", "GitWeb\GitWeb.csproj", "{F023E92E-CBD3-4691-99C3-E56ADF95573E}"
EndProject
Global
	GlobalSection(SolutionConfigurationPlatforms) = preSolution
		Debug|Any CPU = Debug|Any CPU
		Release|Any CPU = Release|Any CPU
	EndGlobalSection
	GlobalSection(ProjectConfigurationPlatforms) = postSolution
		{F023E92E-CBD3-4691-99C3-E56ADF95573E}.Debug|Any CPU.ActiveCfg = Debug|Any CPU
		{F023E92E-CBD3-4691-99C3-E56ADF95573E}.Debug|Any CPU.Build.0 = Debug|Any CPU
		{F023E92E-CBD3-4691-99C3-E56ADF95573E}.Release|Any CPU.ActiveCfg = Release|Any CPU
		{F023E92E-CBD3-4691-99C3-E56ADF95573E}.Release|Any CPU.Build.0 = Release|Any CPU
	EndGlobalSection
	GlobalSection(SolutionProperties) = preSolution
		HideSolutionNode = FALSE
	EndGlobalSection
	GlobalSection(ExtensibilityGlobals) = postSolution
		SolutionGuid = {D8F7D735-DB44-415C-848D-4042EBFA930F}
	EndGlobalSection
EndGlobal
